
Microsoft Visual Studio Solution File, Format Version 12.00
# Visual Studio Version 17
VisualStudioVersion = 17.0.32112.339
MinimumVisualStudioVersion = 10.0.40219.1
Project("{FAE04EC0-301F-11D3-BF4B-00C04F79EFBC}") = "demo-app-asp api", "demo-app-asp api.csproj", "{5CA42F36-3C76-4C79-BD6E-5A57F4D27793}"
EndProject
Global
	GlobalSection(SolutionConfigurationPlatforms) = preSolution
		Debug|Any CPU = Debug|Any CPU
		Release|Any CPU = Release|Any CPU
	EndGlobalSection
	GlobalSection(ProjectConfigurationPlatforms) = postSolution
		{5CA42F36-3C76-4C79-BD6E-5A57F4D27793}.Debug|Any CPU.ActiveCfg = Debug|Any CPU
		{5CA42F36-3C76-4C79-BD6E-5A57F4D27793}.Debug|Any CPU.Build.0 = Debug|Any CPU
		{5CA42F36-3C76-4C79-BD6E-5A57F4D27793}.Release|Any CPU.ActiveCfg = Release|Any CPU
		{5CA42F36-3C76-4C79-BD6E-5A57F4D27793}.Release|Any CPU.Build.0 = Release|Any CPU
	EndGlobalSection
	GlobalSection(SolutionProperties) = preSolution
		HideSolutionNode = FALSE
	EndGlobalSection
	GlobalSection(ExtensibilityGlobals) = postSolution
		SolutionGuid = {D566E89B-D8B2-4E03-973B-F055E5ECC775}
	EndGlobalSection
EndGlobal
